// !$*UTF8*$!
{
	archiveVersion = 1;
	classes = {
	};
	objectVersion = 48;
	objects = {

/* Begin PBXBuildFile section */
		4E02C3F1206CD80700758E26 /* LNHeaderAnimator+Analysis.m in Sources */ = {isa = PBXBuildFile; fileRef = 4E02C3C2206CD7E600758E26 /* LNHeaderAnimator+Analysis.m */; };
		4E02C3FC206CD80700758E26 /* UIImage+animatedGIF.m in Sources */ = {isa = PBXBuildFile; fileRef = 4E02C3D8206CD7E600758E26 /* UIImage+animatedGIF.m */; };
		4E02C3FD206CD80700758E26 /* YLoadingPanel.m in Sources */ = {isa = PBXBuildFile; fileRef = 4E02C3DA206CD7E600758E26 /* YLoadingPanel.m */; };
		4E02C3FE206CD80E00758E26 /* LNFooterAnimator.m in Sources */ = {isa = PBXBuildFile; fileRef = 4E02C3DD206CD7E600758E26 /* LNFooterAnimator.m */; };
		4E02C3FF206CD80E00758E26 /* LNHeaderAnimator.m in Sources */ = {isa = PBXBuildFile; fileRef = 4E02C3DF206CD7E600758E26 /* LNHeaderAnimator.m */; };
		4E02C400206CD80E00758E26 /* LNRefreshAnimator.m in Sources */ = {isa = PBXBuildFile; fileRef = 4E02C3E2206CD7E600758E26 /* LNRefreshAnimator.m */; };
		4E02C401206CD80E00758E26 /* LNRefreshComponent.m in Sources */ = {isa = PBXBuildFile; fileRef = 4E02C3E4206CD7E600758E26 /* LNRefreshComponent.m */; };
		4E02C402206CD80E00758E26 /* LNRefreshConst.m in Sources */ = {isa = PBXBuildFile; fileRef = 4E02C3E6206CD7E600758E26 /* LNRefreshConst.m */; };
		4E02C403206CD80E00758E26 /* LNRefreshFooter.m in Sources */ = {isa = PBXBuildFile; fileRef = 4E02C3E8206CD7E600758E26 /* LNRefreshFooter.m */; };
		4E02C404206CD80E00758E26 /* LNRefreshHandler.m in Sources */ = {isa = PBXBuildFile; fileRef = 4E02C3EA206CD7E600758E26 /* LNRefreshHandler.m */; };
		4E02C405206CD80E00758E26 /* LNRefreshHeader.m in Sources */ = {isa = PBXBuildFile; fileRef = 4E02C3EC206CD7E600758E26 /* LNRefreshHeader.m */; };
		4E02C406206CD80E00758E26 /* NSObject+LNRefresh.m in Sources */ = {isa = PBXBuildFile; fileRef = 4E02C3EE206CD7E600758E26 /* NSObject+LNRefresh.m */; };
		4E2F2A9E2060AF0D00078B76 /* DWRefreshManager.m in Sources */ = {isa = PBXBuildFile; fileRef = 4E2F2A9D2060AF0D00078B76 /* DWRefreshManager.m */; };
		4E2F2A9F2060AF0D00078B76 /* DWRefreshManager.h in CopyFiles */ = {isa = PBXBuildFile; fileRef = 4E2F2A9C2060AF0D00078B76 /* DWRefreshManager.h */; };
		4E2F2AA72060AFA600078B76 /* DWRefreshControl.m in Sources */ = {isa = PBXBuildFile; fileRef = 4E2F2AA62060AFA600078B76 /* DWRefreshControl.m */; };
/* End PBXBuildFile section */

/* Begin PBXCopyFilesBuildPhase section */
		4E2F2A972060AF0D00078B76 /* CopyFiles */ = {
			isa = PBXCopyFilesBuildPhase;
			buildActionMask = 2147483647;
			dstPath = "include/$(PRODUCT_NAME)";
			dstSubfolderSpec = 16;
			files = (
				4E2F2A9F2060AF0D00078B76 /* DWRefreshManager.h in CopyFiles */,
			);
			runOnlyForDeploymentPostprocessing = 0;
		};
/* End PBXCopyFilesBuildPhase section */

/* Begin PBXFileReference section */
		4E02C3C1206CD7E600758E26 /* LNHeaderAnimator+Analysis.h */ = {isa = PBXFileReference; lastKnownFileType = sourcecode.c.h; path = "LNHeaderAnimator+Analysis.h"; sourceTree = "<group>"; };
		4E02C3C2206CD7E600758E26 /* LNHeaderAnimator+Analysis.m */ = {isa = PBXFileReference; lastKnownFileType = sourcecode.c.objc; path = "LNHeaderAnimator+Analysis.m"; sourceTree = "<group>"; };
		4E02C3D7206CD7E600758E26 /* UIImage+animatedGIF.h */ = {isa = PBXFileReference; lastKnownFileType = sourcecode.c.h; path = "UIImage+animatedGIF.h"; sourceTree = "<group>"; };
		4E02C3D8206CD7E600758E26 /* UIImage+animatedGIF.m */ = {isa = PBXFileReference; lastKnownFileType = sourcecode.c.objc; path = "UIImage+animatedGIF.m"; sourceTree = "<group>"; };
		4E02C3D9206CD7E600758E26 /* YLoadingPanel.h */ = {isa = PBXFileReference; lastKnownFileType = sourcecode.c.h; path = YLoadingPanel.h; sourceTree = "<group>"; };
		4E02C3DA206CD7E600758E26 /* YLoadingPanel.m */ = {isa = PBXFileReference; lastKnownFileType = sourcecode.c.objc; path = YLoadingPanel.m; sourceTree = "<group>"; };
		4E02C3DC206CD7E600758E26 /* LNFooterAnimator.h */ = {isa = PBXFileReference; lastKnownFileType = sourcecode.c.h; path = LNFooterAnimator.h; sourceTree = "<group>"; };
		4E02C3DD206CD7E600758E26 /* LNFooterAnimator.m */ = {isa = PBXFileReference; lastKnownFileType = sourcecode.c.objc; path = LNFooterAnimator.m; sourceTree = "<group>"; };
		4E02C3DE206CD7E600758E26 /* LNHeaderAnimator.h */ = {isa = PBXFileReference; lastKnownFileType = sourcecode.c.h; path = LNHeaderAnimator.h; sourceTree = "<group>"; };
		4E02C3DF206CD7E600758E26 /* LNHeaderAnimator.m */ = {isa = PBXFileReference; lastKnownFileType = sourcecode.c.objc; path = LNHeaderAnimator.m; sourceTree = "<group>"; };
		4E02C3E0206CD7E600758E26 /* LNRefresh.h */ = {isa = PBXFileReference; lastKnownFileType = sourcecode.c.h; path = LNRefresh.h; sourceTree = "<group>"; };
		4E02C3E1206CD7E600758E26 /* LNRefreshAnimator.h */ = {isa = PBXFileReference; lastKnownFileType = sourcecode.c.h; path = LNRefreshAnimator.h; sourceTree = "<group>"; };
		4E02C3E2206CD7E600758E26 /* LNRefreshAnimator.m */ = {isa = PBXFileReference; lastKnownFileType = sourcecode.c.objc; path = LNRefreshAnimator.m; sourceTree = "<group>"; };
		4E02C3E3206CD7E600758E26 /* LNRefreshComponent.h */ = {isa = PBXFileReference; lastKnownFileType = sourcecode.c.h; path = LNRefreshComponent.h; sourceTree = "<group>"; };
		4E02C3E4206CD7E600758E26 /* LNRefreshComponent.m */ = {isa = PBXFileReference; lastKnownFileType = sourcecode.c.objc; path = LNRefreshComponent.m; sourceTree = "<group>"; };
		4E02C3E5206CD7E600758E26 /* LNRefreshConst.h */ = {isa = PBXFileReference; lastKnownFileType = sourcecode.c.h; path = LNRefreshConst.h; sourceTree = "<group>"; };
		4E02C3E6206CD7E600758E26 /* LNRefreshConst.m */ = {isa = PBXFileReference; lastKnownFileType = sourcecode.c.objc; path = LNRefreshConst.m; sourceTree = "<group>"; };
		4E02C3E7206CD7E600758E26 /* LNRefreshFooter.h */ = {isa = PBXFileReference; lastKnownFileType = sourcecode.c.h; path = LNRefreshFooter.h; sourceTree = "<group>"; };
		4E02C3E8206CD7E600758E26 /* LNRefreshFooter.m */ = {isa = PBXFileReference; lastKnownFileType = sourcecode.c.objc; path = LNRefreshFooter.m; sourceTree = "<group>"; };
		4E02C3E9206CD7E600758E26 /* LNRefreshHandler.h */ = {isa = PBXFileReference; lastKnownFileType = sourcecode.c.h; path = LNRefreshHandler.h; sourceTree = "<group>"; };
		4E02C3EA206CD7E600758E26 /* LNRefreshHandler.m */ = {isa = PBXFileReference; lastKnownFileType = sourcecode.c.objc; path = LNRefreshHandler.m; sourceTree = "<group>"; };
		4E02C3EB206CD7E600758E26 /* LNRefreshHeader.h */ = {isa = PBXFileReference; lastKnownFileType = sourcecode.c.h; path = LNRefreshHeader.h; sourceTree = "<group>"; };
		4E02C3EC206CD7E600758E26 /* LNRefreshHeader.m */ = {isa = PBXFileReference; lastKnownFileType = sourcecode.c.objc; path = LNRefreshHeader.m; sourceTree = "<group>"; };
		4E02C3ED206CD7E600758E26 /* NSObject+LNRefresh.h */ = {isa = PBXFileReference; lastKnownFileType = sourcecode.c.h; path = "NSObject+LNRefresh.h"; sourceTree = "<group>"; };
		4E02C3EE206CD7E600758E26 /* NSObject+LNRefresh.m */ = {isa = PBXFileReference; lastKnownFileType = sourcecode.c.objc; path = "NSObject+LNRefresh.m"; sourceTree = "<group>"; };
		4E2F2A992060AF0D00078B76 /* libDWRefreshManager.a */ = {isa = PBXFileReference; explicitFileType = archive.ar; includeInIndex = 0; path = libDWRefreshManager.a; sourceTree = BUILT_PRODUCTS_DIR; };
		4E2F2A9C2060AF0D00078B76 /* DWRefreshManager.h */ = {isa = PBXFileReference; lastKnownFileType = sourcecode.c.h; path = DWRefreshManager.h; sourceTree = "<group>"; };
		4E2F2A9D2060AF0D00078B76 /* DWRefreshManager.m */ = {isa = PBXFileReference; lastKnownFileType = sourcecode.c.objc; path = DWRefreshManager.m; sourceTree = "<group>"; };
		4E2F2AA52060AFA600078B76 /* DWRefreshControl.h */ = {isa = PBXFileReference; lastKnownFileType = sourcecode.c.h; path = DWRefreshControl.h; sourceTree = "<group>"; };
		4E2F2AA62060AFA600078B76 /* DWRefreshControl.m */ = {isa = PBXFileReference; lastKnownFileType = sourcecode.c.objc; path = DWRefreshControl.m; sourceTree = "<group>"; };
/* End PBXFileReference section */

/* Begin PBXFrameworksBuildPhase section */
		4E2F2A962060AF0D00078B76 /* Frameworks */ = {
			isa = PBXFrameworksBuildPhase;
			buildActionMask = 2147483647;
			files = (
			);
			runOnlyForDeploymentPostprocessing = 0;
		};
/* End PBXFrameworksBuildPhase section */

/* Begin PBXGroup section */
		4E02C3BF206CD7E600758E26 /* LNRefreshs */ = {
			isa = PBXGroup;
			children = (
				4E02C3C0206CD7E600758E26 /* LNHeaders */,
				4E02C3DB206CD7E600758E26 /* LNRefresh */,
			);
			path = LNRefreshs;
			sourceTree = "<group>";
		};
		4E02C3C0206CD7E600758E26 /* LNHeaders */ = {
			isa = PBXGroup;
			children = (
				4E02C3C1206CD7E600758E26 /* LNHeaderAnimator+Analysis.h */,
				4E02C3C2206CD7E600758E26 /* LNHeaderAnimator+Analysis.m */,
				4E02C3D7206CD7E600758E26 /* UIImage+animatedGIF.h */,
				4E02C3D8206CD7E600758E26 /* UIImage+animatedGIF.m */,
				4E02C3D9206CD7E600758E26 /* YLoadingPanel.h */,
				4E02C3DA206CD7E600758E26 /* YLoadingPanel.m */,
			);
			path = LNHeaders;
			sourceTree = "<group>";
		};
		4E02C3DB206CD7E600758E26 /* LNRefresh */ = {
			isa = PBXGroup;
			children = (
				4E02C3DC206CD7E600758E26 /* LNFooterAnimator.h */,
				4E02C3DD206CD7E600758E26 /* LNFooterAnimator.m */,
				4E02C3DE206CD7E600758E26 /* LNHeaderAnimator.h */,
				4E02C3DF206CD7E600758E26 /* LNHeaderAnimator.m */,
				4E02C3E0206CD7E600758E26 /* LNRefresh.h */,
				4E02C3E1206CD7E600758E26 /* LNRefreshAnimator.h */,
				4E02C3E2206CD7E600758E26 /* LNRefreshAnimator.m */,
				4E02C3E3206CD7E600758E26 /* LNRefreshComponent.h */,
				4E02C3E4206CD7E600758E26 /* LNRefreshComponent.m */,
				4E02C3E5206CD7E600758E26 /* LNRefreshConst.h */,
				4E02C3E6206CD7E600758E26 /* LNRefreshConst.m */,
				4E02C3E7206CD7E600758E26 /* LNRefreshFooter.h */,
				4E02C3E8206CD7E600758E26 /* LNRefreshFooter.m */,
				4E02C3E9206CD7E600758E26 /* LNRefreshHandler.h */,
				4E02C3EA206CD7E600758E26 /* LNRefreshHandler.m */,
				4E02C3EB206CD7E600758E26 /* LNRefreshHeader.h */,
				4E02C3EC206CD7E600758E26 /* LNRefreshHeader.m */,
				4E02C3ED206CD7E600758E26 /* NSObject+LNRefresh.h */,
				4E02C3EE206CD7E600758E26 /* NSObject+LNRefresh.m */,
			);
			path = LNRefresh;
			sourceTree = "<group>";
		};
		4E2F2A902060AF0D00078B76 = {
			isa = PBXGroup;
			children = (
				4E2F2A9B2060AF0D00078B76 /* DWRefreshManager */,
				4E2F2A9A2060AF0D00078B76 /* Products */,
			);
			sourceTree = "<group>";
		};
		4E2F2A9A2060AF0D00078B76 /* Products */ = {
			isa = PBXGroup;
			children = (
				4E2F2A992060AF0D00078B76 /* libDWRefreshManager.a */,
			);
			name = Products;
			sourceTree = "<group>";
		};
		4E2F2A9B2060AF0D00078B76 /* DWRefreshManager */ = {
			isa = PBXGroup;
			children = (
				4E02C3BF206CD7E600758E26 /* LNRefreshs */,
				4E2F2A9C2060AF0D00078B76 /* DWRefreshManager.h */,
				4E2F2A9D2060AF0D00078B76 /* DWRefreshManager.m */,
				4E2F2AA52060AFA600078B76 /* DWRefreshControl.h */,
				4E2F2AA62060AFA600078B76 /* DWRefreshControl.m */,
			);
			path = DWRefreshManager;
			sourceTree = "<group>";
		};
/* End PBXGroup section */

/* Begin PBXNativeTarget section */
		4E2F2A982060AF0D00078B76 /* DWRefreshManager */ = {
			isa = PBXNativeTarget;
			buildConfigurationList = 4E2F2AA22060AF0D00078B76 /* Build configuration list for PBXNativeTarget "DWRefreshManager" */;
			buildPhases = (
				4E2F2A952060AF0D00078B76 /* Sources */,
				4E2F2A962060AF0D00078B76 /* Frameworks */,
				4E2F2A972060AF0D00078B76 /* CopyFiles */,
			);
			buildRules = (
			);
			dependencies = (
			);
			name = DWRefreshManager;
			productName = DWRefreshManager;
			productReference = 4E2F2A992060AF0D00078B76 /* libDWRefreshManager.a */;
			productType = "com.apple.product-type.library.static";
		};
/* End PBXNativeTarget section */

/* Begin PBXProject section */
		4E2F2A912060AF0D00078B76 /* Project object */ = {
			isa = PBXProject;
			attributes = {
				LastUpgradeCheck = 0900;
				ORGANIZATIONNAME = Dowin;
				TargetAttributes = {
					4E2F2A982060AF0D00078B76 = {
						CreatedOnToolsVersion = 9.0;
						ProvisioningStyle = Automatic;
					};
				};
			};
			buildConfigurationList = 4E2F2A942060AF0D00078B76 /* Build configuration list for PBXProject "DWRefreshManager" */;
			compatibilityVersion = "Xcode 8.0";
			developmentRegion = en;
			hasScannedForEncodings = 0;
			knownRegions = (
				en,
			);
			mainGroup = 4E2F2A902060AF0D00078B76;
			productRefGroup = 4E2F2A9A2060AF0D00078B76 /* Products */;
			projectDirPath = "";
			projectRoot = "";
			targets = (
				4E2F2A982060AF0D00078B76 /* DWRefreshManager */,
			);
		};
/* End PBXProject section */

/* Begin PBXSourcesBuildPhase section */
		4E2F2A952060AF0D00078B76 /* Sources */ = {
			isa = PBXSourcesBuildPhase;
			buildActionMask = 2147483647;
			files = (
				4E02C3FE206CD80E00758E26 /* LNFooterAnimator.m in Sources */,
				4E02C3FF206CD80E00758E26 /* LNHeaderAnimator.m in Sources */,
				4E02C400206CD80E00758E26 /* LNRefreshAnimator.m in Sources */,
				4E02C401206CD80E00758E26 /* LNRefreshComponent.m in Sources */,
				4E02C402206CD80E00758E26 /* LNRefreshConst.m in Sources */,
				4E02C403206CD80E00758E26 /* LNRefreshFooter.m in Sources */,
				4E02C404206CD80E00758E26 /* LNRefreshHandler.m in Sources */,
				4E02C405206CD80E00758E26 /* LNRefreshHeader.m in Sources */,
				4E02C406206CD80E00758E26 /* NSObject+LNRefresh.m in Sources */,
				4E02C3F1206CD80700758E26 /* LNHeaderAnimator+Analysis.m in Sources */,
				4E02C3FC206CD80700758E26 /* UIImage+animatedGIF.m in Sources */,
				4E02C3FD206CD80700758E26 /* YLoadingPanel.m in Sources */,
				4E2F2AA72060AFA600078B76 /* DWRefreshControl.m in Sources */,
				4E2F2A9E2060AF0D00078B76 /* DWRefreshManager.m in Sources */,
			);
			runOnlyForDeploymentPostprocessing = 0;
		};
/* End PBXSourcesBuildPhase section */

/* Begin XCBuildConfiguration section */
		4E2F2AA02060AF0D00078B76 /* Debug */ = {
			isa = XCBuildConfiguration;
			buildSettings = {
				ALWAYS_SEARCH_USER_PATHS = NO;
				CLANG_ANALYZER_NONNULL = YES;
				CLANG_ANALYZER_NUMBER_OBJECT_CONVERSION = YES_AGGRESSIVE;
				CLANG_CXX_LANGUAGE_STANDARD = "gnu++14";
				CLANG_CXX_LIBRARY = "libc++";
				CLANG_ENABLE_MODULES = YES;
				CLANG_ENABLE_OBJC_ARC = YES;
				CLANG_WARN_BLOCK_CAPTURE_AUTORELEASING = YES;
				CLANG_WARN_BOOL_CONVERSION = YES;
				CLANG_WARN_COMMA = YES;
				CLANG_WARN_CONSTANT_CONVERSION = YES;
				CLANG_WARN_DIRECT_OBJC_ISA_USAGE = YES_ERROR;
				CLANG_WARN_DOCUMENTATION_COMMENTS = YES;
				CLANG_WARN_EMPTY_BODY = YES;
				CLANG_WARN_ENUM_CONVERSION = YES;
				CLANG_WARN_INFINITE_RECURSION = YES;
				CLANG_WARN_INT_CONVERSION = YES;
				CLANG_WARN_NON_LITERAL_NULL_CONVERSION = YES;
				CLANG_WARN_OBJC_LITERAL_CONVERSION = YES;
				CLANG_WARN_OBJC_ROOT_CLASS = YES_ERROR;
				CLANG_WARN_RANGE_LOOP_ANALYSIS = YES;
				CLANG_WARN_STRICT_PROTOTYPES = YES;
				CLANG_WARN_SUSPICIOUS_MOVE = YES;
				CLANG_WARN_UNGUARDED_AVAILABILITY = YES_AGGRESSIVE;
				CLANG_WARN_UNREACHABLE_CODE = YES;
				CLANG_WARN__DUPLICATE_METHOD_MATCH = YES;
				CODE_SIGN_IDENTITY = "iPhone Developer";
				COPY_PHASE_STRIP = NO;
				DEBUG_INFORMATION_FORMAT = dwarf;
				ENABLE_STRICT_OBJC_MSGSEND = YES;
				ENABLE_TESTABILITY = YES;
				GCC_C_LANGUAGE_STANDARD = gnu11;
				GCC_DYNAMIC_NO_PIC = NO;
				GCC_NO_COMMON_BLOCKS = YES;
				GCC_OPTIMIZATION_LEVEL = 0;
				GCC_PREPROCESSOR_DEFINITIONS = (
					"DEBUG=1",
					"$(inherited)",
				);
				GCC_WARN_64_TO_32_BIT_CONVERSION = YES;
				GCC_WARN_ABOUT_RETURN_TYPE = YES_ERROR;
				GCC_WARN_UNDECLARED_SELECTOR = YES;
				GCC_WARN_UNINITIALIZED_AUTOS = YES_AGGRESSIVE;
				GCC_WARN_UNUSED_FUNCTION = YES;
				GCC_WARN_UNUSED_VARIABLE = YES;
				IPHONEOS_DEPLOYMENT_TARGET = 11.0;
				MTL_ENABLE_DEBUG_INFO = YES;
				ONLY_ACTIVE_ARCH = YES;
				SDKROOT = iphoneos;
			};
			name = Debug;
		};
		4E2F2AA12060AF0D00078B76 /* Release */ = {
			isa = XCBuildConfiguration;
			buildSettings = {
				ALWAYS_SEARCH_USER_PATHS = NO;
				CLANG_ANALYZER_NONNULL = YES;
				CLANG_ANALYZER_NUMBER_OBJECT_CONVERSION = YES_AGGRESSIVE;
				CLANG_CXX_LANGUAGE_STANDARD = "gnu++14";
				CLANG_CXX_LIBRARY = "libc++";
				CLANG_ENABLE_MODULES = YES;
				CLANG_ENABLE_OBJC_ARC = YES;
				CLANG_WARN_BLOCK_CAPTURE_AUTORELEASING = YES;
				CLANG_WARN_BOOL_CONVERSION = YES;
				CLANG_WARN_COMMA = YES;
				CLANG_WARN_CONSTANT_CONVERSION = YES;
				CLANG_WARN_DIRECT_OBJC_ISA_USAGE = YES_ERROR;
				CLANG_WARN_DOCUMENTATION_COMMENTS = YES;
				CLANG_WARN_EMPTY_BODY = YES;
				CLANG_WARN_ENUM_CONVERSION = YES;
				CLANG_WARN_INFINITE_RECURSION = YES;
				CLANG_WARN_INT_CONVERSION = YES;
				CLANG_WARN_NON_LITERAL_NULL_CONVERSION = YES;
				CLANG_WARN_OBJC_LITERAL_CONVERSION = YES;
				CLANG_WARN_OBJC_ROOT_CLASS = YES_ERROR;
				CLANG_WARN_RANGE_LOOP_ANALYSIS = YES;
				CLANG_WARN_STRICT_PROTOTYPES = YES;
				CLANG_WARN_SUSPICIOUS_MOVE = YES;
				CLANG_WARN_UNGUARDED_AVAILABILITY = YES_AGGRESSIVE;
				CLANG_WARN_UNREACHABLE_CODE = YES;
				CLANG_WARN__DUPLICATE_METHOD_MATCH = YES;
				CODE_SIGN_IDENTITY = "iPhone Developer";
				COPY_PHASE_STRIP = NO;
				DEBUG_INFORMATION_FORMAT = "dwarf-with-dsym";
				ENABLE_NS_ASSERTIONS = NO;
				ENABLE_STRICT_OBJC_MSGSEND = YES;
				GCC_C_LANGUAGE_STANDARD = gnu11;
				GCC_NO_COMMON_BLOCKS = YES;
				GCC_WARN_64_TO_32_BIT_CONVERSION = YES;
				GCC_WARN_ABOUT_RETURN_TYPE = YES_ERROR;
				GCC_WARN_UNDECLARED_SELECTOR = YES;
				GCC_WARN_UNINITIALIZED_AUTOS = YES_AGGRESSIVE;
				GCC_WARN_UNUSED_FUNCTION = YES;
				GCC_WARN_UNUSED_VARIABLE = YES;
				IPHONEOS_DEPLOYMENT_TARGET = 11.0;
				MTL_ENABLE_DEBUG_INFO = NO;
				SDKROOT = iphoneos;
				VALIDATE_PRODUCT = YES;
			};
			name = Release;
		};
		4E2F2AA32060AF0D00078B76 /* Debug */ = {
			isa = XCBuildConfiguration;
			buildSettings = {
				CODE_SIGN_STYLE = Automatic;
				HEADER_SEARCH_PATHS = "";
				OTHER_LDFLAGS = "-ObjC";
				PRODUCT_NAME = "$(TARGET_NAME)";
				SKIP_INSTALL = YES;
				TARGETED_DEVICE_FAMILY = "1,2";
			};
			name = Debug;
		};
		4E2F2AA42060AF0D00078B76 /* Release */ = {
			isa = XCBuildConfiguration;
			buildSettings = {
				CODE_SIGN_STYLE = Automatic;
				HEADER_SEARCH_PATHS = "";
				OTHER_LDFLAGS = "-ObjC";
				PRODUCT_NAME = "$(TARGET_NAME)";
				SKIP_INSTALL = YES;
				TARGETED_DEVICE_FAMILY = "1,2";
			};
			name = Release;
		};
/* End XCBuildConfiguration section */

/* Begin XCConfigurationList section */
		4E2F2A942060AF0D00078B76 /* Build configuration list for PBXProject "DWRefreshManager" */ = {
			isa = XCConfigurationList;
			buildConfigurations = (
				4E2F2AA02060AF0D00078B76 /* Debug */,
				4E2F2AA12060AF0D00078B76 /* Release */,
			);
			defaultConfigurationIsVisible = 0;
			defaultConfigurationName = Release;
		};
		4E2F2AA22060AF0D00078B76 /* Build configuration list for PBXNativeTarget "DWRefreshManager" */ = {
			isa = XCConfigurationList;
			buildConfigurations = (
				4E2F2AA32060AF0D00078B76 /* Debug */,
				4E2F2AA42060AF0D00078B76 /* Release */,
			);
			defaultConfigurationIsVisible = 0;
			defaultConfigurationName = Release;
		};
/* End XCConfigurationList section */
	};
	rootObject = 4E2F2A912060AF0D00078B76 /* Project object */;
}
